
Microsoft Visual Studio Solution File, Format Version 12.00
# Visual Studio Version 16
VisualStudioVersion = 16.0.29911.84
MinimumVisualStudioVersion = 10.0.40219.1
Project("{FAE04EC0-301F-11D3-BF4B-00C04F79EFBC}") = "Step056", "Step56\Step056.csproj", "{6BE6D707-4767-48DB-BB4F-269E916EA713}"
EndProject
Project("{FAE04EC0-301F-11D3-BF4B-00C04F79EFBC}") = "Step072TypesAndCasting", "Step72TypesAndCasting\Step072TypesAndCasting.csproj", "{275B1B17-5573-4B60-BBFC-6F44AA06A109}"
EndProject
Project("{FAE04EC0-301F-11D3-BF4B-00C04F79EFBC}") = "Step089MathAndConditions", "Step89MathAndConditions\Step089MathAndConditions.csproj", "{C5967B49-027B-49AD-A1DD-690D2F3A4705}"
EndProject
Project("{FAE04EC0-301F-11D3-BF4B-00C04F79EFBC}") = "Step090IncomeComparisoon", "Step90IncomeComparisoon\Step090IncomeComparisoon.csproj", "{059E399C-90D4-4AEA-AA8D-BC43220115CF}"
EndProject
Project("{FAE04EC0-301F-11D3-BF4B-00C04F79EFBC}") = "Step101InsuranceApproval", "Step101InsuranceApproval\Step101InsuranceApproval.csproj", "{B9DB0F0C-900A-4339-BE2B-F76A38397C60}"
EndProject
Project("{FAE04EC0-301F-11D3-BF4B-00C04F79EFBC}") = "Step123ShippingQuote", "Step123ShippingQuote\Step123ShippingQuote.csproj", "{05F92AC5-A29C-4F36-AF38-4795C60C32CC}"
EndProject
Project("{FAE04EC0-301F-11D3-BF4B-00C04F79EFBC}") = "Step126WhileAndDoWhile", "Step126WhileAndDoWhile\Step126WhileAndDoWhile.csproj", "{C200A50E-F739-4185-BFA3-F3D3CC7D3CBA}"
EndProject
Project("{FAE04EC0-301F-11D3-BF4B-00C04F79EFBC}") = "Step131Strings", "Step131Strings\Step131Strings.csproj", "{0CCAEE61-E965-4254-A67B-2C5BB72188B4}"
EndProject
Project("{FAE04EC0-301F-11D3-BF4B-00C04F79EFBC}") = "Step136ArraysAndLists", "Step136ArraysAndLists\Step136ArraysAndLists.csproj", "{2F24CFCA-E749-4DB5-A05F-9A59FB3B5763}"
EndProject
Project("{FAE04EC0-301F-11D3-BF4B-00C04F79EFBC}") = "Step142ListsAndLoops", "Step142ListsAndLoops\Step142ListsAndLoops.csproj", "{835A3A3B-6600-41E1-A32E-673A9419C892}"
EndProject
Project("{9A19103F-16F7-4668-BE54-9A1E7A4F7556}") = "Step147TryCatchIntro", "Step147TryCatchIntro\Step147TryCatchIntro.csproj", "{2D254924-9583-4C64-937C-F07C9BA4F1B5}"
EndProject
Project("{9A19103F-16F7-4668-BE54-9A1E7A4F7556}") = "Step148TwentyOneVideos", "Step148TwentyOneVideos\Step148TwentyOneVideos.csproj", "{D6DB2670-CC47-4BE8-9B65-D865BAF66606}"
EndProject
Project("{9A19103F-16F7-4668-BE54-9A1E7A4F7556}") = "Step155Classes", "Step155Classes\Step155Classes.csproj", "{E345FD02-737A-478C-9C80-6A20CCBCA054}"
EndProject
Project("{FAE04EC0-301F-11D3-BF4B-00C04F79EFBC}") = "Step159MethodOverloading", "Step159MethodOverloading\Step159MethodOverloading.csproj", "{5D896A6A-EF24-4064-96BC-120118BE3C47}"
EndProject
Project("{FAE04EC0-301F-11D3-BF4B-00C04F79EFBC}") = "Step160OptionalMethodParameter", "Step160OptionalMethodParameter\Step160OptionalMethodParameter.csproj", "{7D286B19-B70B-4CA3-A3A5-11E10C564A48}"
EndProject
Project("{FAE04EC0-301F-11D3-BF4B-00C04F79EFBC}") = "Step161MoreMethods", "Step161MoreMethods\Step161MoreMethods.csproj", "{D8DE473D-D547-4E92-A8CC-7F8C15EEF579}"
EndProject
Project("{FAE04EC0-301F-11D3-BF4B-00C04F79EFBC}") = "Step164OutputParamsAndMore", "Step164OutputParamsAndMore\Step164OutputParamsAndMore.csproj", "{FE5C6535-3E9B-4B80-95EB-EF1BCD879340}"
EndProject
Global
	GlobalSection(SolutionConfigurationPlatforms) = preSolution
		Debug|Any CPU = Debug|Any CPU
		Release|Any CPU = Release|Any CPU
	EndGlobalSection
	GlobalSection(ProjectConfigurationPlatforms) = postSolution
		{6BE6D707-4767-48DB-BB4F-269E916EA713}.Debug|Any CPU.ActiveCfg = Debug|Any CPU
		{6BE6D707-4767-48DB-BB4F-269E916EA713}.Debug|Any CPU.Build.0 = Debug|Any CPU
		{6BE6D707-4767-48DB-BB4F-269E916EA713}.Release|Any CPU.ActiveCfg = Release|Any CPU
		{6BE6D707-4767-48DB-BB4F-269E916EA713}.Release|Any CPU.Build.0 = Release|Any CPU
		{275B1B17-5573-4B60-BBFC-6F44AA06A109}.Debug|Any CPU.ActiveCfg = Debug|Any CPU
		{275B1B17-5573-4B60-BBFC-6F44AA06A109}.Debug|Any CPU.Build.0 = Debug|Any CPU
		{275B1B17-5573-4B60-BBFC-6F44AA06A109}.Release|Any CPU.ActiveCfg = Release|Any CPU
		{275B1B17-5573-4B60-BBFC-6F44AA06A109}.Release|Any CPU.Build.0 = Release|Any CPU
		{C5967B49-027B-49AD-A1DD-690D2F3A4705}.Debug|Any CPU.ActiveCfg = Debug|Any CPU
		{C5967B49-027B-49AD-A1DD-690D2F3A4705}.Debug|Any CPU.Build.0 = Debug|Any CPU
		{C5967B49-027B-49AD-A1DD-690D2F3A4705}.Release|Any CPU.ActiveCfg = Release|Any CPU
		{C5967B49-027B-49AD-A1DD-690D2F3A4705}.Release|Any CPU.Build.0 = Release|Any CPU
		{059E399C-90D4-4AEA-AA8D-BC43220115CF}.Debug|Any CPU.ActiveCfg = Debug|Any CPU
		{059E399C-90D4-4AEA-AA8D-BC43220115CF}.Debug|Any CPU.Build.0 = Debug|Any CPU
		{059E399C-90D4-4AEA-AA8D-BC43220115CF}.Release|Any CPU.ActiveCfg = Release|Any CPU
		{059E399C-90D4-4AEA-AA8D-BC43220115CF}.Release|Any CPU.Build.0 = Release|Any CPU
		{B9DB0F0C-900A-4339-BE2B-F76A38397C60}.Debug|Any CPU.ActiveCfg = Debug|Any CPU
		{B9DB0F0C-900A-4339-BE2B-F76A38397C60}.Debug|Any CPU.Build.0 = Debug|Any CPU
		{B9DB0F0C-900A-4339-BE2B-F76A38397C60}.Release|Any CPU.ActiveCfg = Release|Any CPU
		{B9DB0F0C-900A-4339-BE2B-F76A38397C60}.Release|Any CPU.Build.0 = Release|Any CPU
		{05F92AC5-A29C-4F36-AF38-4795C60C32CC}.Debug|Any CPU.ActiveCfg = Debug|Any CPU
		{05F92AC5-A29C-4F36-AF38-4795C60C32CC}.Debug|Any CPU.Build.0 = Debug|Any CPU
		{05F92AC5-A29C-4F36-AF38-4795C60C32CC}.Release|Any CPU.ActiveCfg = Release|Any CPU
		{05F92AC5-A29C-4F36-AF38-4795C60C32CC}.Release|Any CPU.Build.0 = Release|Any CPU
		{C200A50E-F739-4185-BFA3-F3D3CC7D3CBA}.Debug|Any CPU.ActiveCfg = Debug|Any CPU
		{C200A50E-F739-4185-BFA3-F3D3CC7D3CBA}.Debug|Any CPU.Build.0 = Debug|Any CPU
		{C200A50E-F739-4185-BFA3-F3D3CC7D3CBA}.Release|Any CPU.ActiveCfg = Release|Any CPU
		{C200A50E-F739-4185-BFA3-F3D3CC7D3CBA}.Release|Any CPU.Build.0 = Release|Any CPU
		{0CCAEE61-E965-4254-A67B-2C5BB72188B4}.Debug|Any CPU.ActiveCfg = Debug|Any CPU
		{0CCAEE61-E965-4254-A67B-2C5BB72188B4}.Debug|Any CPU.Build.0 = Debug|Any CPU
		{0CCAEE61-E965-4254-A67B-2C5BB72188B4}.Release|Any CPU.ActiveCfg = Release|Any CPU
		{0CCAEE61-E965-4254-A67B-2C5BB72188B4}.Release|Any CPU.Build.0 = Release|Any CPU
		{2F24CFCA-E749-4DB5-A05F-9A59FB3B5763}.Debug|Any CPU.ActiveCfg = Debug|Any CPU
		{2F24CFCA-E749-4DB5-A05F-9A59FB3B5763}.Debug|Any CPU.Build.0 = Debug|Any CPU
		{2F24CFCA-E749-4DB5-A05F-9A59FB3B5763}.Release|Any CPU.ActiveCfg = Release|Any CPU
		{2F24CFCA-E749-4DB5-A05F-9A59FB3B5763}.Release|Any CPU.Build.0 = Release|Any CPU
		{835A3A3B-6600-41E1-A32E-673A9419C892}.Debug|Any CPU.ActiveCfg = Debug|Any CPU
		{835A3A3B-6600-41E1-A32E-673A9419C892}.Debug|Any CPU.Build.0 = Debug|Any CPU
		{835A3A3B-6600-41E1-A32E-673A9419C892}.Release|Any CPU.ActiveCfg = Release|Any CPU
		{835A3A3B-6600-41E1-A32E-673A9419C892}.Release|Any CPU.Build.0 = Release|Any CPU
		{2D254924-9583-4C64-937C-F07C9BA4F1B5}.Debug|Any CPU.ActiveCfg = Debug|Any CPU
		{2D254924-9583-4C64-937C-F07C9BA4F1B5}.Debug|Any CPU.Build.0 = Debug|Any CPU
		{2D254924-9583-4C64-937C-F07C9BA4F1B5}.Release|Any CPU.ActiveCfg = Release|Any CPU
		{2D254924-9583-4C64-937C-F07C9BA4F1B5}.Release|Any CPU.Build.0 = Release|Any CPU
		{D6DB2670-CC47-4BE8-9B65-D865BAF66606}.Debug|Any CPU.ActiveCfg = Debug|Any CPU
		{D6DB2670-CC47-4BE8-9B65-D865BAF66606}.Debug|Any CPU.Build.0 = Debug|Any CPU
		{D6DB2670-CC47-4BE8-9B65-D865BAF66606}.Release|Any CPU.ActiveCfg = Release|Any CPU
		{D6DB2670-CC47-4BE8-9B65-D865BAF66606}.Release|Any CPU.Build.0 = Release|Any CPU
		{E345FD02-737A-478C-9C80-6A20CCBCA054}.Debug|Any CPU.ActiveCfg = Debug|Any CPU
		{E345FD02-737A-478C-9C80-6A20CCBCA054}.Debug|Any CPU.Build.0 = Debug|Any CPU
		{E345FD02-737A-478C-9C80-6A20CCBCA054}.Release|Any CPU.ActiveCfg = Release|Any CPU
		{E345FD02-737A-478C-9C80-6A20CCBCA054}.Release|Any CPU.Build.0 = Release|Any CPU
		{5D896A6A-EF24-4064-96BC-120118BE3C47}.Debug|Any CPU.ActiveCfg = Debug|Any CPU
		{5D896A6A-EF24-4064-96BC-120118BE3C47}.Debug|Any CPU.Build.0 = Debug|Any CPU
		{5D896A6A-EF24-4064-96BC-120118BE3C47}.Release|Any CPU.ActiveCfg = Release|Any CPU
		{5D896A6A-EF24-4064-96BC-120118BE3C47}.Release|Any CPU.Build.0 = Release|Any CPU
		{7D286B19-B70B-4CA3-A3A5-11E10C564A48}.Debug|Any CPU.ActiveCfg = Debug|Any CPU
		{7D286B19-B70B-4CA3-A3A5-11E10C564A48}.Debug|Any CPU.Build.0 = Debug|Any CPU
		{7D286B19-B70B-4CA3-A3A5-11E10C564A48}.Release|Any CPU.ActiveCfg = Release|Any CPU
		{7D286B19-B70B-4CA3-A3A5-11E10C564A48}.Release|Any CPU.Build.0 = Release|Any CPU
		{D8DE473D-D547-4E92-A8CC-7F8C15EEF579}.Debug|Any CPU.ActiveCfg = Debug|Any CPU
		{D8DE473D-D547-4E92-A8CC-7F8C15EEF579}.Debug|Any CPU.Build.0 = Debug|Any CPU
		{D8DE473D-D547-4E92-A8CC-7F8C15EEF579}.Release|Any CPU.ActiveCfg = Release|Any CPU
		{D8DE473D-D547-4E92-A8CC-7F8C15EEF579}.Release|Any CPU.Build.0 = Release|Any CPU
		{FE5C6535-3E9B-4B80-95EB-EF1BCD879340}.Debug|Any CPU.ActiveCfg = Debug|Any CPU
		{FE5C6535-3E9B-4B80-95EB-EF1BCD879340}.Debug|Any CPU.Build.0 = Debug|Any CPU
		{FE5C6535-3E9B-4B80-95EB-EF1BCD879340}.Release|Any CPU.ActiveCfg = Release|Any CPU
		{FE5C6535-3E9B-4B80-95EB-EF1BCD879340}.Release|Any CPU.Build.0 = Release|Any CPU
	EndGlobalSection
	GlobalSection(SolutionProperties) = preSolution
		HideSolutionNode = FALSE
	EndGlobalSection
	GlobalSection(ExtensibilityGlobals) = postSolution
		SolutionGuid = {8A748C46-6FB0-401E-A14B-8463F2720773}
	EndGlobalSection
EndGlobal
